
Microsoft Visual Studio Solution File, Format Version 12.00
# Visual Studio Version 16
VisualStudioVersion = 16.0.31112.23
MinimumVisualStudioVersion = 10.0.40219.1
Project("{9A19103F-16F7-4668-BE54-9A1E7A4F7556}") = "KampIntro", "KampIntro\KampIntro.csproj", "{96B2D25A-219F-4377-B43E-1443F721C53A}"
EndProject
Project("{9A19103F-16F7-4668-BE54-9A1E7A4F7556}") = "Donguler", "Donguler\Donguler.csproj", "{51C390DF-F2DF-4910-A5D2-797F343D10C5}"
EndProject
Project("{9A19103F-16F7-4668-BE54-9A1E7A4F7556}") = "ClassIntro", "ClassIntro\ClassIntro.csproj", "{D554AE8C-7D25-403F-8F18-731EE477CA79}"
EndProject
Project("{9A19103F-16F7-4668-BE54-9A1E7A4F7556}") = "Metotlar", "Metotlar\Metotlar.csproj", "{DDE92AE0-EDD0-4079-927D-BA8802E7CB1E}"
EndProject
Project("{9A19103F-16F7-4668-BE54-9A1E7A4F7556}") = "Matematik", "Matematik\Matematik.csproj", "{754579A8-BCCC-44FF-B79B-9DC23CFD2E1D}"
EndProject
Project("{9A19103F-16F7-4668-BE54-9A1E7A4F7556}") = "DegerveReferansTipler", "DegerveReferansTipler\DegerveReferansTipler.csproj", "{9967FF32-FFB3-4EF9-AC65-038B579DF8CF}"
EndProject
Project("{9A19103F-16F7-4668-BE54-9A1E7A4F7556}") = "OOPFirst", "OOPFirst\OOPFirst.csproj", "{322C7076-252A-450D-A405-26FE1E5B4BC7}"
EndProject
Project("{9A19103F-16F7-4668-BE54-9A1E7A4F7556}") = "ClassMetotDemo", "ClassMetotDemo\ClassMetotDemo.csproj", "{60BE706A-88DA-4486-A895-0D83D4273867}"
EndProject
Project("{9A19103F-16F7-4668-BE54-9A1E7A4F7556}") = "Koleksiyonlar", "Koleksiyonlar\Koleksiyonlar.csproj", "{0F696324-1C7F-45C0-87CD-3A4BA9365F8E}"
EndProject
Project("{9A19103F-16F7-4668-BE54-9A1E7A4F7556}") = "GenericsIntro", "GenericsIntro\GenericsIntro.csproj", "{E50EFC88-E337-4D0D-BAAC-F847D46CC780}"
EndProject
Project("{FAE04EC0-301F-11D3-BF4B-00C04F79EFBC}") = "MyDictionary", "MyDictionary\MyDictionary.csproj", "{569EB1D0-1E9D-469D-AB9E-D2E40E3868C4}"
EndProject
Project("{FAE04EC0-301F-11D3-BF4B-00C04F79EFBC}") = "OOPSecond", "OOPSecond\OOPSecond.csproj", "{9C6E54FD-0BCF-4B36-B57A-076F55620117}"
EndProject
Project("{FAE04EC0-301F-11D3-BF4B-00C04F79EFBC}") = "OOPThird", "OOPThird\OOPThird.csproj", "{B54D2987-EAA2-4EE9-9C7D-51A49A81C346}"
EndProject
Project("{FAE04EC0-301F-11D3-BF4B-00C04F79EFBC}") = "GameProject", "GameProject\GameProject.csproj", "{AB8D54E4-E5BB-4AC6-BA79-D26F0E2A07FB}"
EndProject
Global
	GlobalSection(SolutionConfigurationPlatforms) = preSolution
		Debug|Any CPU = Debug|Any CPU
		Release|Any CPU = Release|Any CPU
	EndGlobalSection
	GlobalSection(ProjectConfigurationPlatforms) = postSolution
		{96B2D25A-219F-4377-B43E-1443F721C53A}.Debug|Any CPU.ActiveCfg = Debug|Any CPU
		{96B2D25A-219F-4377-B43E-1443F721C53A}.Debug|Any CPU.Build.0 = Debug|Any CPU
		{96B2D25A-219F-4377-B43E-1443F721C53A}.Release|Any CPU.ActiveCfg = Release|Any CPU
		{96B2D25A-219F-4377-B43E-1443F721C53A}.Release|Any CPU.Build.0 = Release|Any CPU
		{51C390DF-F2DF-4910-A5D2-797F343D10C5}.Debug|Any CPU.ActiveCfg = Debug|Any CPU
		{51C390DF-F2DF-4910-A5D2-797F343D10C5}.Debug|Any CPU.Build.0 = Debug|Any CPU
		{51C390DF-F2DF-4910-A5D2-797F343D10C5}.Release|Any CPU.ActiveCfg = Release|Any CPU
		{51C390DF-F2DF-4910-A5D2-797F343D10C5}.Release|Any CPU.Build.0 = Release|Any CPU
		{D554AE8C-7D25-403F-8F18-731EE477CA79}.Debug|Any CPU.ActiveCfg = Debug|Any CPU
		{D554AE8C-7D25-403F-8F18-731EE477CA79}.Debug|Any CPU.Build.0 = Debug|Any CPU
		{D554AE8C-7D25-403F-8F18-731EE477CA79}.Release|Any CPU.ActiveCfg = Release|Any CPU
		{D554AE8C-7D25-403F-8F18-731EE477CA79}.Release|Any CPU.Build.0 = Release|Any CPU
		{DDE92AE0-EDD0-4079-927D-BA8802E7CB1E}.Debug|Any CPU.ActiveCfg = Debug|Any CPU
		{DDE92AE0-EDD0-4079-927D-BA8802E7CB1E}.Debug|Any CPU.Build.0 = Debug|Any CPU
		{DDE92AE0-EDD0-4079-927D-BA8802E7CB1E}.Release|Any CPU.ActiveCfg = Release|Any CPU
		{DDE92AE0-EDD0-4079-927D-BA8802E7CB1E}.Release|Any CPU.Build.0 = Release|Any CPU
		{754579A8-BCCC-44FF-B79B-9DC23CFD2E1D}.Debug|Any CPU.ActiveCfg = Debug|Any CPU
		{754579A8-BCCC-44FF-B79B-9DC23CFD2E1D}.Debug|Any CPU.Build.0 = Debug|Any CPU
		{754579A8-BCCC-44FF-B79B-9DC23CFD2E1D}.Release|Any CPU.ActiveCfg = Release|Any CPU
		{754579A8-BCCC-44FF-B79B-9DC23CFD2E1D}.Release|Any CPU.Build.0 = Release|Any CPU
		{9967FF32-FFB3-4EF9-AC65-038B579DF8CF}.Debug|Any CPU.ActiveCfg = Debug|Any CPU
		{9967FF32-FFB3-4EF9-AC65-038B579DF8CF}.Debug|Any CPU.Build.0 = Debug|Any CPU
		{9967FF32-FFB3-4EF9-AC65-038B579DF8CF}.Release|Any CPU.ActiveCfg = Release|Any CPU
		{9967FF32-FFB3-4EF9-AC65-038B579DF8CF}.Release|Any CPU.Build.0 = Release|Any CPU
		{322C7076-252A-450D-A405-26FE1E5B4BC7}.Debug|Any CPU.ActiveCfg = Debug|Any CPU
		{322C7076-252A-450D-A405-26FE1E5B4BC7}.Debug|Any CPU.Build.0 = Debug|Any CPU
		{322C7076-252A-450D-A405-26FE1E5B4BC7}.Release|Any CPU.ActiveCfg = Release|Any CPU
		{322C7076-252A-450D-A405-26FE1E5B4BC7}.Release|Any CPU.Build.0 = Release|Any CPU
		{60BE706A-88DA-4486-A895-0D83D4273867}.Debug|Any CPU.ActiveCfg = Debug|Any CPU
		{60BE706A-88DA-4486-A895-0D83D4273867}.Debug|Any CPU.Build.0 = Debug|Any CPU
		{60BE706A-88DA-4486-A895-0D83D4273867}.Release|Any CPU.ActiveCfg = Release|Any CPU
		{60BE706A-88DA-4486-A895-0D83D4273867}.Release|Any CPU.Build.0 = Release|Any CPU
		{0F696324-1C7F-45C0-87CD-3A4BA9365F8E}.Debug|Any CPU.ActiveCfg = Debug|Any CPU
		{0F696324-1C7F-45C0-87CD-3A4BA9365F8E}.Debug|Any CPU.Build.0 = Debug|Any CPU
		{0F696324-1C7F-45C0-87CD-3A4BA9365F8E}.Release|Any CPU.ActiveCfg = Release|Any CPU
		{0F696324-1C7F-45C0-87CD-3A4BA9365F8E}.Release|Any CPU.Build.0 = Release|Any CPU
		{E50EFC88-E337-4D0D-BAAC-F847D46CC780}.Debug|Any CPU.ActiveCfg = Debug|Any CPU
		{E50EFC88-E337-4D0D-BAAC-F847D46CC780}.Debug|Any CPU.Build.0 = Debug|Any CPU
		{E50EFC88-E337-4D0D-BAAC-F847D46CC780}.Release|Any CPU.ActiveCfg = Release|Any CPU
		{E50EFC88-E337-4D0D-BAAC-F847D46CC780}.Release|Any CPU.Build.0 = Release|Any CPU
		{569EB1D0-1E9D-469D-AB9E-D2E40E3868C4}.Debug|Any CPU.ActiveCfg = Debug|Any CPU
		{569EB1D0-1E9D-469D-AB9E-D2E40E3868C4}.Debug|Any CPU.Build.0 = Debug|Any CPU
		{569EB1D0-1E9D-469D-AB9E-D2E40E3868C4}.Release|Any CPU.ActiveCfg = Release|Any CPU
		{569EB1D0-1E9D-469D-AB9E-D2E40E3868C4}.Release|Any CPU.Build.0 = Release|Any CPU
		{9C6E54FD-0BCF-4B36-B57A-076F55620117}.Debug|Any CPU.ActiveCfg = Debug|Any CPU
		{9C6E54FD-0BCF-4B36-B57A-076F55620117}.Debug|Any CPU.Build.0 = Debug|Any CPU
		{9C6E54FD-0BCF-4B36-B57A-076F55620117}.Release|Any CPU.ActiveCfg = Release|Any CPU
		{9C6E54FD-0BCF-4B36-B57A-076F55620117}.Release|Any CPU.Build.0 = Release|Any CPU
		{B54D2987-EAA2-4EE9-9C7D-51A49A81C346}.Debug|Any CPU.ActiveCfg = Debug|Any CPU
		{B54D2987-EAA2-4EE9-9C7D-51A49A81C346}.Debug|Any CPU.Build.0 = Debug|Any CPU
		{B54D2987-EAA2-4EE9-9C7D-51A49A81C346}.Release|Any CPU.ActiveCfg = Release|Any CPU
		{B54D2987-EAA2-4EE9-9C7D-51A49A81C346}.Release|Any CPU.Build.0 = Release|Any CPU
		{AB8D54E4-E5BB-4AC6-BA79-D26F0E2A07FB}.Debug|Any CPU.ActiveCfg = Debug|Any CPU
		{AB8D54E4-E5BB-4AC6-BA79-D26F0E2A07FB}.Debug|Any CPU.Build.0 = Debug|Any CPU
		{AB8D54E4-E5BB-4AC6-BA79-D26F0E2A07FB}.Release|Any CPU.ActiveCfg = Release|Any CPU
		{AB8D54E4-E5BB-4AC6-BA79-D26F0E2A07FB}.Release|Any CPU.Build.0 = Release|Any CPU
	EndGlobalSection
	GlobalSection(SolutionProperties) = preSolution
		HideSolutionNode = FALSE
	EndGlobalSection
	GlobalSection(ExtensibilityGlobals) = postSolution
		SolutionGuid = {404528A1-D3EA-421E-9E42-948F8EFE7995}
	EndGlobalSection
EndGlobal
